
Microsoft Visual Studio Solution File, Format Version 12.00
# Visual Studio Version 16
VisualStudioVersion = 16.0.30204.135
MinimumVisualStudioVersion = 10.0.40219.1
Project("{FAE04EC0-301F-11D3-BF4B-00C04F79EFBC}") = "Hawaso", "Hawaso\Hawaso.csproj", "{9C99A7FE-9548-4D52-A3D3-BFACF1CB4EB7}"
EndProject
Global
	GlobalSection(SolutionConfigurationPlatforms) = preSolution
		Debug|Any CPU = Debug|Any CPU
		Release|Any CPU = Release|Any CPU
	EndGlobalSection
	GlobalSection(ProjectConfigurationPlatforms) = postSolution
		{9C99A7FE-9548-4D52-A3D3-BFACF1CB4EB7}.Debug|Any CPU.ActiveCfg = Debug|Any CPU
		{9C99A7FE-9548-4D52-A3D3-BFACF1CB4EB7}.Debug|Any CPU.Build.0 = Debug|Any CPU
		{9C99A7FE-9548-4D52-A3D3-BFACF1CB4EB7}.Release|Any CPU.ActiveCfg = Release|Any CPU
		{9C99A7FE-9548-4D52-A3D3-BFACF1CB4EB7}.Release|Any CPU.Build.0 = Release|Any CPU
	EndGlobalSection
	GlobalSection(SolutionProperties) = preSolution
		HideSolutionNode = FALSE
	EndGlobalSection
	GlobalSection(ExtensibilityGlobals) = postSolution
		SolutionGuid = {B11EBE22-0C2C-4839-92C2-14A704D8F9AA}
	EndGlobalSection
EndGlobal
